
Microsoft Visual Studio Solution File, Format Version 12.00
# Visual Studio Version 16
VisualStudioVersion = 16.0.30611.23
MinimumVisualStudioVersion = 10.0.40219.1
Project("{FAE04EC0-301F-11D3-BF4B-00C04F79EFBC}") = "DesignPatterns.Behavioral", "DesignPatterns.Behavioral\DesignPatterns.Behavioral.csproj", "{C649CE52-8B5D-4B7C-9184-98D66AD08F24}"
EndProject
Project("{FAE04EC0-301F-11D3-BF4B-00C04F79EFBC}") = "DesignPatterns.Creational", "DesignPatterns.Creational\DesignPatterns.Creational.csproj", "{34CE9B91-3380-4336-9D7C-A7A333CF4AB4}"
EndProject
Project("{FAE04EC0-301F-11D3-BF4B-00C04F79EFBC}") = "DesignPatterns.Structural", "DesignPatterns.Structural\DesignPatterns.Structural.csproj", "{40666C52-4B93-420E-B4FE-396555E7122D}"
EndProject
Global
	GlobalSection(SolutionConfigurationPlatforms) = preSolution
		Debug|Any CPU = Debug|Any CPU
		Release|Any CPU = Release|Any CPU
	EndGlobalSection
	GlobalSection(ProjectConfigurationPlatforms) = postSolution
		{C649CE52-8B5D-4B7C-9184-98D66AD08F24}.Debug|Any CPU.ActiveCfg = Debug|Any CPU
		{C649CE52-8B5D-4B7C-9184-98D66AD08F24}.Debug|Any CPU.Build.0 = Debug|Any CPU
		{C649CE52-8B5D-4B7C-9184-98D66AD08F24}.Release|Any CPU.ActiveCfg = Release|Any CPU
		{C649CE52-8B5D-4B7C-9184-98D66AD08F24}.Release|Any CPU.Build.0 = Release|Any CPU
		{34CE9B91-3380-4336-9D7C-A7A333CF4AB4}.Debug|Any CPU.ActiveCfg = Debug|Any CPU
		{34CE9B91-3380-4336-9D7C-A7A333CF4AB4}.Debug|Any CPU.Build.0 = Debug|Any CPU
		{34CE9B91-3380-4336-9D7C-A7A333CF4AB4}.Release|Any CPU.ActiveCfg = Release|Any CPU
		{34CE9B91-3380-4336-9D7C-A7A333CF4AB4}.Release|Any CPU.Build.0 = Release|Any CPU
		{40666C52-4B93-420E-B4FE-396555E7122D}.Debug|Any CPU.ActiveCfg = Debug|Any CPU
		{40666C52-4B93-420E-B4FE-396555E7122D}.Debug|Any CPU.Build.0 = Debug|Any CPU
		{40666C52-4B93-420E-B4FE-396555E7122D}.Release|Any CPU.ActiveCfg = Release|Any CPU
		{40666C52-4B93-420E-B4FE-396555E7122D}.Release|Any CPU.Build.0 = Release|Any CPU
	EndGlobalSection
	GlobalSection(SolutionProperties) = preSolution
		HideSolutionNode = FALSE
	EndGlobalSection
	GlobalSection(ExtensibilityGlobals) = postSolution
		SolutionGuid = {BD570294-C522-4564-A84A-2F28C5A4FBC8}
	EndGlobalSection
EndGlobal
